
Microsoft Visual Studio Solution File, Format Version 12.00
# Visual Studio Version 16
VisualStudioVersion = 16.0.30907.101
MinimumVisualStudioVersion = 10.0.40219.1
Project("{FAE04EC0-301F-11D3-BF4B-00C04F79EFBC}") = "SimplifySvg", "SimplifySvg.csproj", "{2D3139D8-5717-4473-BCA4-17F0A267AF62}"
EndProject
Global
	GlobalSection(SolutionConfigurationPlatforms) = preSolution
		Debug|Any CPU = Debug|Any CPU
		Release|Any CPU = Release|Any CPU
	EndGlobalSection
	GlobalSection(ProjectConfigurationPlatforms) = postSolution
		{2D3139D8-5717-4473-BCA4-17F0A267AF62}.Debug|Any CPU.ActiveCfg = Debug|Any CPU
		{2D3139D8-5717-4473-BCA4-17F0A267AF62}.Debug|Any CPU.Build.0 = Debug|Any CPU
		{2D3139D8-5717-4473-BCA4-17F0A267AF62}.Release|Any CPU.ActiveCfg = Release|Any CPU
		{2D3139D8-5717-4473-BCA4-17F0A267AF62}.Release|Any CPU.Build.0 = Release|Any CPU
	EndGlobalSection
	GlobalSection(SolutionProperties) = preSolution
		HideSolutionNode = FALSE
	EndGlobalSection
	GlobalSection(ExtensibilityGlobals) = postSolution
		SolutionGuid = {B2BE1BBA-1F2F-40F7-AF18-DB79EB67942E}
	EndGlobalSection
EndGlobal
